
Microsoft Visual Studio Solution File, Format Version 12.00
# Visual Studio Version 17
VisualStudioVersion = 17.7.34202.233
MinimumVisualStudioVersion = 10.0.40219.1
Project("{FAE04EC0-301F-11D3-BF4B-00C04F79EFBC}") = "Tim gia tri lon nhat trong mang", "Tim gia tri lon nhat trong mang.csproj", "{961DFE8D-E706-40C2-992D-0868AA51ECF9}"
EndProject
Global
	GlobalSection(SolutionConfigurationPlatforms) = preSolution
		Debug|Any CPU = Debug|Any CPU
		Release|Any CPU = Release|Any CPU
	EndGlobalSection
	GlobalSection(ProjectConfigurationPlatforms) = postSolution
		{961DFE8D-E706-40C2-992D-0868AA51ECF9}.Debug|Any CPU.ActiveCfg = Debug|Any CPU
		{961DFE8D-E706-40C2-992D-0868AA51ECF9}.Debug|Any CPU.Build.0 = Debug|Any CPU
		{961DFE8D-E706-40C2-992D-0868AA51ECF9}.Release|Any CPU.ActiveCfg = Release|Any CPU
		{961DFE8D-E706-40C2-992D-0868AA51ECF9}.Release|Any CPU.Build.0 = Release|Any CPU
	EndGlobalSection
	GlobalSection(SolutionProperties) = preSolution
		HideSolutionNode = FALSE
	EndGlobalSection
	GlobalSection(ExtensibilityGlobals) = postSolution
		SolutionGuid = {803E2CF0-2E15-41B4-9DA3-E6E57572E196}
	EndGlobalSection
EndGlobal
